
Microsoft Visual Studio Solution File, Format Version 12.00
# Visual Studio Version 17
VisualStudioVersion = 17.5.33516.290
MinimumVisualStudioVersion = 10.0.40219.1
Project("{9A19103F-16F7-4668-BE54-9A1E7A4F7556}") = "Noter.MVC", "Noter.MVC\Noter.MVC.csproj", "{DBE4713F-D5C5-4162-BA56-3513010E98DF}"
EndProject
Project("{2150E333-8FDC-42A3-9474-1A3956D46DE8}") = "FrontEnd", "FrontEnd", "{1C3BB5DD-8911-4184-8D51-BC4956D07F28}"
EndProject
Project("{2150E333-8FDC-42A3-9474-1A3956D46DE8}") = "BackEnd", "BackEnd", "{4C6CDE0D-FBC8-460F-9129-B76A3E851939}"
EndProject
Project("{2150E333-8FDC-42A3-9474-1A3956D46DE8}") = "Data", "Data", "{E8ADF14A-3726-463B-8613-095FE5E104C6}"
EndProject
Project("{2150E333-8FDC-42A3-9474-1A3956D46DE8}") = "BusinessLogic", "BusinessLogic", "{2B0E8216-ED47-4FAB-BD67-3DEA2B0ABAE8}"
EndProject
Project("{2150E333-8FDC-42A3-9474-1A3956D46DE8}") = "DataAccessLayer", "DataAccessLayer", "{5D18BA8B-F10A-4C43-A2C0-523ABDC5072C}"
EndProject
Project("{2150E333-8FDC-42A3-9474-1A3956D46DE8}") = "Domain", "Domain", "{0D2D79E1-12C0-4D3D-A098-16BEFF473A96}"
EndProject
Project("{9A19103F-16F7-4668-BE54-9A1E7A4F7556}") = "Noter.Domain", "Noter.Domain\Noter.Domain.csproj", "{FA485F83-BA54-4CB0-AA12-EE816CD792D8}"
EndProject
Project("{9A19103F-16F7-4668-BE54-9A1E7A4F7556}") = "Noter.DAL", "Noter.DAL\Noter.DAL.csproj", "{46683183-856C-4953-8CF5-807DEA5C80C1}"
EndProject
Project("{FAE04EC0-301F-11D3-BF4B-00C04F79EFBC}") = "Noter.Services", "Noter.Services\Noter.Services.csproj", "{260301A8-3F5B-446F-B85C-FCBC94CC486B}"
EndProject
Project("{2150E333-8FDC-42A3-9474-1A3956D46DE8}") = "MVC", "MVC", "{8291870B-7B42-46F2-A3FB-F3DDC34F7D92}"
EndProject
Global
	GlobalSection(SolutionConfigurationPlatforms) = preSolution
		Debug|Any CPU = Debug|Any CPU
		Release|Any CPU = Release|Any CPU
	EndGlobalSection
	GlobalSection(ProjectConfigurationPlatforms) = postSolution
		{DBE4713F-D5C5-4162-BA56-3513010E98DF}.Debug|Any CPU.ActiveCfg = Debug|Any CPU
		{DBE4713F-D5C5-4162-BA56-3513010E98DF}.Debug|Any CPU.Build.0 = Debug|Any CPU
		{DBE4713F-D5C5-4162-BA56-3513010E98DF}.Release|Any CPU.ActiveCfg = Release|Any CPU
		{DBE4713F-D5C5-4162-BA56-3513010E98DF}.Release|Any CPU.Build.0 = Release|Any CPU
		{FA485F83-BA54-4CB0-AA12-EE816CD792D8}.Debug|Any CPU.ActiveCfg = Debug|Any CPU
		{FA485F83-BA54-4CB0-AA12-EE816CD792D8}.Debug|Any CPU.Build.0 = Debug|Any CPU
		{FA485F83-BA54-4CB0-AA12-EE816CD792D8}.Release|Any CPU.ActiveCfg = Release|Any CPU
		{FA485F83-BA54-4CB0-AA12-EE816CD792D8}.Release|Any CPU.Build.0 = Release|Any CPU
		{46683183-856C-4953-8CF5-807DEA5C80C1}.Debug|Any CPU.ActiveCfg = Debug|Any CPU
		{46683183-856C-4953-8CF5-807DEA5C80C1}.Debug|Any CPU.Build.0 = Debug|Any CPU
		{46683183-856C-4953-8CF5-807DEA5C80C1}.Release|Any CPU.ActiveCfg = Release|Any CPU
		{46683183-856C-4953-8CF5-807DEA5C80C1}.Release|Any CPU.Build.0 = Release|Any CPU
		{260301A8-3F5B-446F-B85C-FCBC94CC486B}.Debug|Any CPU.ActiveCfg = Debug|Any CPU
		{260301A8-3F5B-446F-B85C-FCBC94CC486B}.Debug|Any CPU.Build.0 = Debug|Any CPU
		{260301A8-3F5B-446F-B85C-FCBC94CC486B}.Release|Any CPU.ActiveCfg = Release|Any CPU
		{260301A8-3F5B-446F-B85C-FCBC94CC486B}.Release|Any CPU.Build.0 = Release|Any CPU
	EndGlobalSection
	GlobalSection(SolutionProperties) = preSolution
		HideSolutionNode = FALSE
	EndGlobalSection
	GlobalSection(NestedProjects) = preSolution
		{DBE4713F-D5C5-4162-BA56-3513010E98DF} = {8291870B-7B42-46F2-A3FB-F3DDC34F7D92}
		{E8ADF14A-3726-463B-8613-095FE5E104C6} = {4C6CDE0D-FBC8-460F-9129-B76A3E851939}
		{2B0E8216-ED47-4FAB-BD67-3DEA2B0ABAE8} = {E8ADF14A-3726-463B-8613-095FE5E104C6}
		{5D18BA8B-F10A-4C43-A2C0-523ABDC5072C} = {E8ADF14A-3726-463B-8613-095FE5E104C6}
		{0D2D79E1-12C0-4D3D-A098-16BEFF473A96} = {E8ADF14A-3726-463B-8613-095FE5E104C6}
		{FA485F83-BA54-4CB0-AA12-EE816CD792D8} = {0D2D79E1-12C0-4D3D-A098-16BEFF473A96}
		{46683183-856C-4953-8CF5-807DEA5C80C1} = {5D18BA8B-F10A-4C43-A2C0-523ABDC5072C}
		{260301A8-3F5B-446F-B85C-FCBC94CC486B} = {2B0E8216-ED47-4FAB-BD67-3DEA2B0ABAE8}
		{8291870B-7B42-46F2-A3FB-F3DDC34F7D92} = {1C3BB5DD-8911-4184-8D51-BC4956D07F28}
	EndGlobalSection
	GlobalSection(ExtensibilityGlobals) = postSolution
		SolutionGuid = {6B03F0CA-E8F6-475D-B819-B63C6589E945}
	EndGlobalSection
EndGlobal
